
Microsoft Visual Studio Solution File, Format Version 12.00
# Visual Studio 2013
VisualStudioVersion = 12.0.21005.1
MinimumVisualStudioVersion = 10.0.40219.1
Project("{FAE04EC0-301F-11D3-BF4B-00C04F79EFBC}") = "QN.IIS.Toolkit", "QN.Toolkit\QN.IIS.Toolkit.csproj", "{6696B1A0-40E6-4CD3-9780-B602635BE2DA}"
EndProject
Project("{FAE04EC0-301F-11D3-BF4B-00C04F79EFBC}") = "QN.IIS.Service", "QN.IIS.Service\QN.IIS.Service.csproj", "{3BA45B27-952B-49B7-AC3C-3FD8A8FBB7E0}"
EndProject
Global
	GlobalSection(SubversionScc) = preSolution
		Svn-Managed = True
		Manager = AnkhSVN - Subversion Support for Visual Studio
	EndGlobalSection
	GlobalSection(SolutionConfigurationPlatforms) = preSolution
		Debug|Any CPU = Debug|Any CPU
		Release|Any CPU = Release|Any CPU
	EndGlobalSection
	GlobalSection(ProjectConfigurationPlatforms) = postSolution
		{6696B1A0-40E6-4CD3-9780-B602635BE2DA}.Debug|Any CPU.ActiveCfg = Debug|Any CPU
		{6696B1A0-40E6-4CD3-9780-B602635BE2DA}.Debug|Any CPU.Build.0 = Debug|Any CPU
		{6696B1A0-40E6-4CD3-9780-B602635BE2DA}.Release|Any CPU.ActiveCfg = Release|Any CPU
		{6696B1A0-40E6-4CD3-9780-B602635BE2DA}.Release|Any CPU.Build.0 = Release|Any CPU
		{3BA45B27-952B-49B7-AC3C-3FD8A8FBB7E0}.Debug|Any CPU.ActiveCfg = Debug|Any CPU
		{3BA45B27-952B-49B7-AC3C-3FD8A8FBB7E0}.Debug|Any CPU.Build.0 = Debug|Any CPU
		{3BA45B27-952B-49B7-AC3C-3FD8A8FBB7E0}.Release|Any CPU.ActiveCfg = Release|Any CPU
		{3BA45B27-952B-49B7-AC3C-3FD8A8FBB7E0}.Release|Any CPU.Build.0 = Release|Any CPU
	EndGlobalSection
	GlobalSection(SolutionProperties) = preSolution
		HideSolutionNode = FALSE
	EndGlobalSection
EndGlobal
